
Microsoft Visual Studio Solution File, Format Version 12.00
# Visual Studio Version 17
VisualStudioVersion = 17.3.32929.385
MinimumVisualStudioVersion = 10.0.40219.1
Project("{9A19103F-16F7-4668-BE54-9A1E7A4F7556}") = "testapp", "testapp\testapp.csproj", "{B664757F-D4C1-458B-A948-030430D79E8E}"
EndProject
Global
	GlobalSection(SolutionConfigurationPlatforms) = preSolution
		Debug|Any CPU = Debug|Any CPU
		Release|Any CPU = Release|Any CPU
	EndGlobalSection
	GlobalSection(ProjectConfigurationPlatforms) = postSolution
		{B664757F-D4C1-458B-A948-030430D79E8E}.Debug|Any CPU.ActiveCfg = Debug|Any CPU
		{B664757F-D4C1-458B-A948-030430D79E8E}.Debug|Any CPU.Build.0 = Debug|Any CPU
		{B664757F-D4C1-458B-A948-030430D79E8E}.Release|Any CPU.ActiveCfg = Release|Any CPU
		{B664757F-D4C1-458B-A948-030430D79E8E}.Release|Any CPU.Build.0 = Release|Any CPU
	EndGlobalSection
	GlobalSection(SolutionProperties) = preSolution
		HideSolutionNode = FALSE
	EndGlobalSection
	GlobalSection(ExtensibilityGlobals) = postSolution
		SolutionGuid = {7CB945BF-C99F-4E53-B675-A59423237B43}
	EndGlobalSection
EndGlobal
